
Microsoft Visual Studio Solution File, Format Version 12.00
# Visual Studio Version 17
VisualStudioVersion = 17.12.35527.113 d17.12
MinimumVisualStudioVersion = 10.0.40219.1
Project("{FAE04EC0-301F-11D3-BF4B-00C04F79EFBC}") = "WebScraper", "WebScraper.csproj", "{A188A467-22AD-4DDF-819D-ABAFB96438F3}"
EndProject
Project("{FAE04EC0-301F-11D3-BF4B-00C04F79EFBC}") = "Models", "..\Models\Models.csproj", "{7EE5ACFA-22F8-429F-B9A0-8220447CC08B}"
EndProject
Project("{FAE04EC0-301F-11D3-BF4B-00C04F79EFBC}") = "Services", "..\Services\Services.csproj", "{8AD35798-503F-47CF-9B34-D9185847AAE2}"
EndProject
Global
	GlobalSection(SolutionConfigurationPlatforms) = preSolution
		Debug|Any CPU = Debug|Any CPU
		Release|Any CPU = Release|Any CPU
	EndGlobalSection
	GlobalSection(ProjectConfigurationPlatforms) = postSolution
		{A188A467-22AD-4DDF-819D-ABAFB96438F3}.Debug|Any CPU.ActiveCfg = Debug|Any CPU
		{A188A467-22AD-4DDF-819D-ABAFB96438F3}.Debug|Any CPU.Build.0 = Debug|Any CPU
		{A188A467-22AD-4DDF-819D-ABAFB96438F3}.Release|Any CPU.ActiveCfg = Release|Any CPU
		{A188A467-22AD-4DDF-819D-ABAFB96438F3}.Release|Any CPU.Build.0 = Release|Any CPU
		{7EE5ACFA-22F8-429F-B9A0-8220447CC08B}.Debug|Any CPU.ActiveCfg = Debug|Any CPU
		{7EE5ACFA-22F8-429F-B9A0-8220447CC08B}.Debug|Any CPU.Build.0 = Debug|Any CPU
		{7EE5ACFA-22F8-429F-B9A0-8220447CC08B}.Release|Any CPU.ActiveCfg = Release|Any CPU
		{7EE5ACFA-22F8-429F-B9A0-8220447CC08B}.Release|Any CPU.Build.0 = Release|Any CPU
		{8AD35798-503F-47CF-9B34-D9185847AAE2}.Debug|Any CPU.ActiveCfg = Debug|Any CPU
		{8AD35798-503F-47CF-9B34-D9185847AAE2}.Debug|Any CPU.Build.0 = Debug|Any CPU
		{8AD35798-503F-47CF-9B34-D9185847AAE2}.Release|Any CPU.ActiveCfg = Release|Any CPU
		{8AD35798-503F-47CF-9B34-D9185847AAE2}.Release|Any CPU.Build.0 = Release|Any CPU
	EndGlobalSection
	GlobalSection(SolutionProperties) = preSolution
		HideSolutionNode = FALSE
	EndGlobalSection
EndGlobal
